# THIS IS AN AUTOGENERATED FILE. DO NOT EDIT THIS FILE DIRECTLY.
# yarn lockfile v1


"@types/node@*":
  version "9.3.0"
  resolved "https://registry.yarnpkg.com/@types/node/-/node-9.3.0.tgz#3a129cda7c4e5df2409702626892cb4b96546dd5"

ansi-regex@^2.0.0:
  version "2.1.1"
  resolved "https://registry.yarnpkg.com/ansi-regex/-/ansi-regex-2.1.1.tgz#c3b33ab5ee360d86e0e628f0468ae7ef27d654df"

ansi-regex@^3.0.0:
  version "3.0.0"
  resolved "https://registry.yarnpkg.com/ansi-regex/-/ansi-regex-3.0.0.tgz#ed0317c322064f79466c02966bddb605ab37d998"

ansi-styles@^3.1.0:
  version "3.2.0"
  resolved "https://registry.yarnpkg.com/ansi-styles/-/ansi-styles-3.2.0.tgz#c159b8d5be0f9e5a6f346dab94f16ce022161b88"
  dependencies:
    color-convert "^1.9.0"

any-match@^1.0.1:
  version "1.0.1"
  resolved "https://registry.yarnpkg.com/any-match/-/any-match-1.0.1.tgz#15c7c3487d2779267807f85112ed50afc134dbdc"
  dependencies:
    is-regexp "^1.0.0"

aproba@^1.0.3:
  version "1.2.0"
  resolved "https://registry.yarnpkg.com/aproba/-/aproba-1.2.0.tgz#6802e6264efd18c790a1b0d517f0f2627bf2c94a"

auto-tunnel@stevenvachon/auto-tunnel:
  version "0.1.0"
  resolved "https://codeload.github.com/stevenvachon/auto-tunnel/tar.gz/b8a86fad22a24b38398d1971e0dcd8907c65d7e0"
  dependencies:
    proxy-from-env "^1.0.0"
    tunnel-agent "~0.6.0"
    universal-url "^1.0.0-alpha"

bhttp@^1.2.4:
  version "1.2.4"
  resolved "https://registry.yarnpkg.com/bhttp/-/bhttp-1.2.4.tgz#fed0c24f765b35afc4940b08ab3214813e38f38f"
  dependencies:
    bluebird "^2.8.2"
    concat-stream "^1.4.7"
    debug "^2.1.1"
    dev-null "^0.1.1"
    errors "^0.2.0"
    extend "^2.0.0"
    form-data2 "^1.0.0"
    form-fix-array "^1.0.0"
    lodash "^2.4.1"
    stream-length "^1.0.2"
    string "^3.0.0"
    through2-sink "^1.0.0"
    through2-spy "^1.2.0"
    tough-cookie "^2.3.1"

bluebird@^2.3.5, bluebird@^2.6.2, bluebird@^2.8.1, bluebird@^2.8.2:
  version "2.11.0"
  resolved "https://registry.yarnpkg.com/bluebird/-/bluebird-2.11.0.tgz#534b9033c022c9579c56ba3b3e5a5caafbb650e1"

broken-link-checker@stevenvachon/broken-link-checker#v0.8.0:
  version "0.8.0"
  resolved "https://codeload.github.com/stevenvachon/broken-link-checker/tar.gz/1b975d7ce2cd51b0c42b4f0032d6922fd5c85e63"
  dependencies:
    auto-tunnel stevenvachon/auto-tunnel
    bhttp "^1.2.4"
    calmcard "~0.1.1"
    chalk "^2.3.0"
    condense-whitespace "^1.0.0"
    decompress-response "^3.3.0"
    default-user-agent "^1.0.0"
    errno "~0.1.4"
    es6-promise-try "^1.0.2"
    extend "^3.0.1"
    gauge "^2.7.4"
    http-equiv-refresh "^2.0.0"
    humanize-duration "^3.10.1"
    is-object "^1.0.1"
    is-promise "^2.1.0"
    is-stream "^1.1.0"
    is-string "^1.0.4"
    isurl "^1.0.0"
    keyscan "^1.7.0"
    limited-request-queue stevenvachon/limited-request-queue
    link-types "^2.0.0"
    list-to-array "^1.1.0"
    longest "^2.0.1"
    node-notifier "^5.1.2"
    optionator "~0.8.2"
    parse-srcset "^1.0.2"
    parse5 "^3.0.3"
    robot-directives "~0.4.0"
    robots-txt-guard "~0.1.1"
    robots-txt-parse "~0.0.4"
    strip-ansi "^4.0.0"
    supports-semigraphics "^1.0.1"
    universal-url "^1.0.0"
    url-relation "^1.0.0-alpha9"
    urlcache stevenvachon/urlcache
    util.promisify "^1.0.0"
    walk-parse5 "^1.0.0"

calmcard@~0.1.1:
  version "0.1.1"
  resolved "https://registry.yarnpkg.com/calmcard/-/calmcard-0.1.1.tgz#35ac2b66492b0ed39ad06a893a0ff6e61124e449"

chalk@^2.3.0:
  version "2.3.0"
  resolved "https://registry.yarnpkg.com/chalk/-/chalk-2.3.0.tgz#b5ea48efc9c1793dccc9b4767c93914d3f2d52ba"
  dependencies:
    ansi-styles "^3.1.0"
    escape-string-regexp "^1.0.5"
    supports-color "^4.0.0"

cloneurl@^1.0.0:
  version "1.0.0"
  resolved "https://registry.yarnpkg.com/cloneurl/-/cloneurl-1.0.0.tgz#a0e620d9ca95f13977d9d45442655ef1e603c13a"
  dependencies:
    universal-url "^1.0.0"

code-point-at@^1.0.0:
  version "1.1.0"
  resolved "https://registry.yarnpkg.com/code-point-at/-/code-point-at-1.1.0.tgz#0d070b4d043a5bea33a2f1a40e2edb3d9a4ccf77"

color-convert@^1.9.0:
  version "1.9.1"
  resolved "https://registry.yarnpkg.com/color-convert/-/color-convert-1.9.1.tgz#c1261107aeb2f294ebffec9ed9ecad529a6097ed"
  dependencies:
    color-name "^1.1.1"

color-name@^1.1.1:
  version "1.1.3"
  resolved "https://registry.yarnpkg.com/color-name/-/color-name-1.1.3.tgz#a7d0558bd89c42f795dd42328f740831ca53bc25"

combined-stream2@^1.0.2:
  version "1.1.2"
  resolved "https://registry.yarnpkg.com/combined-stream2/-/combined-stream2-1.1.2.tgz#f6e14b7a015666f8c7b0a1fac506240164ac3570"
  dependencies:
    bluebird "^2.8.1"
    debug "^2.1.1"
    stream-length "^1.0.1"

commander@^2.11.0:
  version "2.13.0"
  resolved "https://registry.yarnpkg.com/commander/-/commander-2.13.0.tgz#6964bca67685df7c1f1430c584f07d7597885b9c"

concat-stream@^1.4.7:
  version "1.6.0"
  resolved "https://registry.yarnpkg.com/concat-stream/-/concat-stream-1.6.0.tgz#0aac662fd52be78964d5532f694784e70110acf7"
  dependencies:
    inherits "^2.0.3"
    readable-stream "^2.2.2"
    typedarray "^0.0.6"

condense-whitespace@^1.0.0:
  version "1.0.0"
  resolved "https://registry.yarnpkg.com/condense-whitespace/-/condense-whitespace-1.0.0.tgz#8376d98ef028e6cb2cd2468e28ce42c5c65ab1a9"

console-control-strings@^1.0.0:
  version "1.1.0"
  resolved "https://registry.yarnpkg.com/console-control-strings/-/console-control-strings-1.1.0.tgz#3d7cf4464db6446ea644bf4b39507f9851008e8e"

cookie@0.3.1:
  version "0.3.1"
  resolved "https://registry.yarnpkg.com/cookie/-/cookie-0.3.1.tgz#e7e0a1f9ef43b4c8ba925c5c5a96e806d16873bb"

core-util-is@~1.0.0:
  version "1.0.2"
  resolved "https://registry.yarnpkg.com/core-util-is/-/core-util-is-1.0.2.tgz#b5fd54220aa2bc5ab57aab7140c940754503c1a7"

debug@^2.1.1:
  version "2.6.9"
  resolved "https://registry.yarnpkg.com/debug/-/debug-2.6.9.tgz#5d128515df134ff327e90a4c93f4e077a536341f"
  dependencies:
    ms "2.0.0"

decompress-response@^3.3.0:
  version "3.3.0"
  resolved "https://registry.yarnpkg.com/decompress-response/-/decompress-response-3.3.0.tgz#80a4dd323748384bfa248083622aedec982adff3"
  dependencies:
    mimic-response "^1.0.0"

deep-freeze-node@^1.1.2:
  version "1.1.3"
  resolved "https://registry.yarnpkg.com/deep-freeze-node/-/deep-freeze-node-1.1.3.tgz#ce9c14b3210e6f5607a578254f4b53fe01dd9467"

deep-is@~0.1.3:
  version "0.1.3"
  resolved "https://registry.yarnpkg.com/deep-is/-/deep-is-0.1.3.tgz#b369d6fb5dbc13eecf524f91b070feedc357cf34"

default-user-agent@^1.0.0:
  version "1.0.0"
  resolved "https://registry.yarnpkg.com/default-user-agent/-/default-user-agent-1.0.0.tgz#16c46efdcaba3edc45f24f2bd4868b01b7c2adc6"
  dependencies:
    os-name "~1.0.3"

define-properties@^1.1.2:
  version "1.1.2"
  resolved "https://registry.yarnpkg.com/define-properties/-/define-properties-1.1.2.tgz#83a73f2fea569898fb737193c8f873caf6d45c94"
  dependencies:
    foreach "^2.0.5"
    object-keys "^1.0.8"

defined@^1.0.0:
  version "1.0.0"
  resolved "https://registry.yarnpkg.com/defined/-/defined-1.0.0.tgz#c98d9bcef75674188e110969151199e39b1fa693"

dev-null@^0.1.1:
  version "0.1.1"
  resolved "https://registry.yarnpkg.com/dev-null/-/dev-null-0.1.1.tgz#5a205ce3c2b2ef77b6238d6ba179eb74c6a0e818"

duplexer@~0.1.1:
  version "0.1.1"
  resolved "https://registry.yarnpkg.com/duplexer/-/duplexer-0.1.1.tgz#ace6ff808c1ce66b57d1ebf97977acb02334cfc1"

errno@~0.1.4:
  version "0.1.6"
  resolved "https://registry.yarnpkg.com/errno/-/errno-0.1.6.tgz#c386ce8a6283f14fc09563b71560908c9bf53026"
  dependencies:
    prr "~1.0.1"

errors@^0.2.0:
  version "0.2.0"
  resolved "https://registry.yarnpkg.com/errors/-/errors-0.2.0.tgz#0f51e889daa3e11b19e7186d11f104aa66eb2403"

es-abstract@^1.5.1:
  version "1.10.0"
  resolved "https://registry.yarnpkg.com/es-abstract/-/es-abstract-1.10.0.tgz#1ecb36c197842a00d8ee4c2dfd8646bb97d60864"
  dependencies:
    es-to-primitive "^1.1.1"
    function-bind "^1.1.1"
    has "^1.0.1"
    is-callable "^1.1.3"
    is-regex "^1.0.4"

es-to-primitive@^1.1.1:
  version "1.1.1"
  resolved "https://registry.yarnpkg.com/es-to-primitive/-/es-to-primitive-1.1.1.tgz#45355248a88979034b6792e19bb81f2b7975dd0d"
  dependencies:
    is-callable "^1.1.1"
    is-date-object "^1.0.1"
    is-symbol "^1.0.1"

es6-promise-try@^1.0.2:
  version "1.0.2"
  resolved "https://registry.yarnpkg.com/es6-promise-try/-/es6-promise-try-1.0.2.tgz#91f718b8140c3e5d6b187715a2d8707db96c4803"

escape-string-regexp@^1.0.5:
  version "1.0.5"
  resolved "https://registry.yarnpkg.com/escape-string-regexp/-/escape-string-regexp-1.0.5.tgz#1b61c0562190a8dff6ae3bb2cf0200ca130b86d4"

evaluate-value@^1.0.2:
  version "1.0.2"
  resolved "https://registry.yarnpkg.com/evaluate-value/-/evaluate-value-1.0.2.tgz#50ed21ab867da96b59dcb7c063063b9d67b70448"

extend@^2.0.0:
  version "2.0.1"
  resolved "https://registry.yarnpkg.com/extend/-/extend-2.0.1.tgz#1ee8010689e7395ff9448241c98652bc759a8260"

extend@^3.0.1:
  version "3.0.1"
  resolved "https://registry.yarnpkg.com/extend/-/extend-3.0.1.tgz#a755ea7bc1adfcc5a31ce7e762dbaadc5e636444"

fast-levenshtein@~2.0.4:
  version "2.0.6"
  resolved "https://registry.yarnpkg.com/fast-levenshtein/-/fast-levenshtein-2.0.6.tgz#3d8a5c66883a16a30ca8643e851f19baa7797917"

foreach@^2.0.5:
  version "2.0.5"
  resolved "https://registry.yarnpkg.com/foreach/-/foreach-2.0.5.tgz#0bee005018aeb260d0a3af3ae658dd0136ec1b99"

form-data2@^1.0.0:
  version "1.0.3"
  resolved "https://registry.yarnpkg.com/form-data2/-/form-data2-1.0.3.tgz#cba5e23601a6944d95ab7d7111ff9397a5cb2a4d"
  dependencies:
    bluebird "^2.8.2"
    combined-stream2 "^1.0.2"
    debug "^2.1.1"
    lodash "^2.4.1"
    mime "^1.2.11"
    uuid "^2.0.1"

form-fix-array@^1.0.0:
  version "1.0.0"
  resolved "https://registry.yarnpkg.com/form-fix-array/-/form-fix-array-1.0.0.tgz#a1347a47e53117ab7bcdbf3e2f3ec91c66769bc8"

function-bind@^1.0.2, function-bind@^1.1.1:
  version "1.1.1"
  resolved "https://registry.yarnpkg.com/function-bind/-/function-bind-1.1.1.tgz#a56899d3ea3c9bab874bb9773b7c5ede92f4895d"

gauge@^2.7.4:
  version "2.7.4"
  resolved "https://registry.yarnpkg.com/gauge/-/gauge-2.7.4.tgz#2c03405c7538c39d7eb37b317022e325fb018bf7"
  dependencies:
    aproba "^1.0.3"
    console-control-strings "^1.0.0"
    has-unicode "^2.0.0"
    object-assign "^4.1.0"
    signal-exit "^3.0.0"
    string-width "^1.0.1"
    strip-ansi "^3.0.1"
    wide-align "^1.1.0"

greenkeeper-lockfile@^1.6.0:
  version "1.13.1"
  resolved "https://registry.yarnpkg.com/greenkeeper-lockfile/-/greenkeeper-lockfile-1.13.1.tgz#b29bef2777641e927742cb102008f4db672f7d66"
  dependencies:
    lodash "^4.17.4"
    require-relative "^0.8.7"
    semver "^5.3.0"

growly@^1.3.0:
  version "1.3.0"
  resolved "https://registry.yarnpkg.com/growly/-/growly-1.3.0.tgz#f10748cbe76af964b7c96c93c6bcc28af120c081"

has-flag@^2.0.0:
  version "2.0.0"
  resolved "https://registry.yarnpkg.com/has-flag/-/has-flag-2.0.0.tgz#e8207af1cc7b30d446cc70b734b5e8be18f88d51"

has-symbol-support-x@^1.4.1:
  version "1.4.1"
  resolved "https://registry.yarnpkg.com/has-symbol-support-x/-/has-symbol-support-x-1.4.1.tgz#66ec2e377e0c7d7ccedb07a3a84d77510ff1bc4c"

has-to-string-tag-x@^1.2.0:
  version "1.4.1"
  resolved "https://registry.yarnpkg.com/has-to-string-tag-x/-/has-to-string-tag-x-1.4.1.tgz#a045ab383d7b4b2012a00148ab0aa5f290044d4d"
  dependencies:
    has-symbol-support-x "^1.4.1"

has-unicode@^2.0.0, has-unicode@^2.0.1:
  version "2.0.1"
  resolved "https://registry.yarnpkg.com/has-unicode/-/has-unicode-2.0.1.tgz#e0e6fe6a28cf51138855e086d1691e771de2a8b9"

has@^1.0.1:
  version "1.0.1"
  resolved "https://registry.yarnpkg.com/has/-/has-1.0.1.tgz#8461733f538b0837c9361e39a9ab9e9704dc2f28"
  dependencies:
    function-bind "^1.0.2"

hasurl@^1.0.0:
  version "1.0.0"
  resolved "https://registry.yarnpkg.com/hasurl/-/hasurl-1.0.0.tgz#e4c619097ae1e8fc906bee904ce47e94f5e1ea37"

http-equiv-refresh@^2.0.0:
  version "2.0.0"
  resolved "https://registry.yarnpkg.com/http-equiv-refresh/-/http-equiv-refresh-2.0.0.tgz#31edae2b77e3d4902e7ae4ad90db1f1d38c5a8ac"

humanize-duration@^3.10.1:
  version "3.12.1"
  resolved "https://registry.yarnpkg.com/humanize-duration/-/humanize-duration-3.12.1.tgz#e9a531519d001ee600b6400fc353fed4fa3b235f"

inherits@^2.0.3, inherits@~2.0.1, inherits@~2.0.3:
  version "2.0.3"
  resolved "https://registry.yarnpkg.com/inherits/-/inherits-2.0.3.tgz#633c2c83e3da42a502f52466022480f4208261de"

is-callable@^1.1.1, is-callable@^1.1.3:
  version "1.1.3"
  resolved "https://registry.yarnpkg.com/is-callable/-/is-callable-1.1.3.tgz#86eb75392805ddc33af71c92a0eedf74ee7604b2"

is-date-object@^1.0.1:
  version "1.0.1"
  resolved "https://registry.yarnpkg.com/is-date-object/-/is-date-object-1.0.1.tgz#9aa20eb6aeebbff77fbd33e74ca01b33581d3a16"

is-fullwidth-code-point@^1.0.0:
  version "1.0.0"
  resolved "https://registry.yarnpkg.com/is-fullwidth-code-point/-/is-fullwidth-code-point-1.0.0.tgz#ef9e31386f031a7f0d643af82fde50c457ef00cb"
  dependencies:
    number-is-nan "^1.0.0"

is-object@^1.0.1:
  version "1.0.1"
  resolved "https://registry.yarnpkg.com/is-object/-/is-object-1.0.1.tgz#8952688c5ec2ffd6b03ecc85e769e02903083470"

is-promise@^2.1.0:
  version "2.1.0"
  resolved "https://registry.yarnpkg.com/is-promise/-/is-promise-2.1.0.tgz#79a2a9ece7f096e80f36d2b2f3bc16c1ff4bf3fa"

is-regex@^1.0.4:
  version "1.0.4"
  resolved "https://registry.yarnpkg.com/is-regex/-/is-regex-1.0.4.tgz#5517489b547091b0930e095654ced25ee97e9491"
  dependencies:
    has "^1.0.1"

is-regexp@^1.0.0:
  version "1.0.0"
  resolved "https://registry.yarnpkg.com/is-regexp/-/is-regexp-1.0.0.tgz#fd2d883545c46bac5a633e7b9a09e87fa2cb5069"

is-stream@^1.1.0:
  version "1.1.0"
  resolved "https://registry.yarnpkg.com/is-stream/-/is-stream-1.1.0.tgz#12d4a3dd4e68e0b79ceb8dbc84173ae80d91ca44"

is-string@^1.0.4:
  version "1.0.4"
  resolved "https://registry.yarnpkg.com/is-string/-/is-string-1.0.4.tgz#cc3a9b69857d621e963725a24caeec873b826e64"

is-symbol@^1.0.1:
  version "1.0.1"
  resolved "https://registry.yarnpkg.com/is-symbol/-/is-symbol-1.0.1.tgz#3cc59f00025194b6ab2e38dbae6689256b660572"

isarray@0.0.1:
  version "0.0.1"
  resolved "https://registry.yarnpkg.com/isarray/-/isarray-0.0.1.tgz#8a18acfca9a8f4177e09abfc6038939b05d1eedf"

isarray@~1.0.0:
  version "1.0.0"
  resolved "https://registry.yarnpkg.com/isarray/-/isarray-1.0.0.tgz#bb935d48582cba168c06834957a54a3e07124f11"

isbot@^2.0.3:
  version "2.1.2"
  resolved "https://registry.yarnpkg.com/isbot/-/isbot-2.1.2.tgz#b019aa71c339ab74c68696e27e2e94e3e71d1f61"

isexe@^2.0.0:
  version "2.0.0"
  resolved "https://registry.yarnpkg.com/isexe/-/isexe-2.0.0.tgz#e8fbf374dc556ff8947a10dcb0572d633f2cfa10"

isurl@^1.0.0, isurl@^1.0.0-alpha5:
  version "1.0.0"
  resolved "https://registry.yarnpkg.com/isurl/-/isurl-1.0.0.tgz#b27f4f49f3cdaa3ea44a0a5b7f3462e6edc39d67"
  dependencies:
    has-to-string-tag-x "^1.2.0"
    is-object "^1.0.1"

json-stringify-safe@5.0.1:
  version "5.0.1"
  resolved "https://registry.yarnpkg.com/json-stringify-safe/-/json-stringify-safe-5.0.1.tgz#1296a2d58fd45f19a0f6ce01d65701e2c735b6eb"

keyscan@^1.7.0:
  version "1.7.0"
  resolved "https://registry.yarnpkg.com/keyscan/-/keyscan-1.7.0.tgz#99386a58c858ba2abe2f515862128a5b299b9420"

levn@~0.3.0:
  version "0.3.0"
  resolved "https://registry.yarnpkg.com/levn/-/levn-0.3.0.tgz#3b09924edf9f083c0490fdd4c0bc4421e04764ee"
  dependencies:
    prelude-ls "~1.1.2"
    type-check "~0.3.2"

limited-request-queue@stevenvachon/limited-request-queue:
  version "4.0.0-alpha"
  resolved "https://codeload.github.com/stevenvachon/limited-request-queue/tar.gz/22e5a40f1d4dc2fa86b6965df82b312544acccfa"
  dependencies:
    defined "^1.0.0"
    isurl "^1.0.0"
    parse-domain "^1.1.0"

link-types@^2.0.0:
  version "2.0.0"
  resolved "https://registry.yarnpkg.com/link-types/-/link-types-2.0.0.tgz#c7fb08d6d1a30009b1763abdfdc40f7fb1c7abed"

list-to-array@^1.1.0:
  version "1.1.0"
  resolved "https://registry.yarnpkg.com/list-to-array/-/list-to-array-1.1.0.tgz#ca7dff640606433cac75cbe8446acd864b15bf6f"

lodash.sortby@^4.7.0:
  version "4.7.0"
  resolved "https://registry.yarnpkg.com/lodash.sortby/-/lodash.sortby-4.7.0.tgz#edd14c824e2cc9c1e0b0a1b42bb5210516a42438"

lodash@^2.4.1:
  version "2.4.2"
  resolved "https://registry.yarnpkg.com/lodash/-/lodash-2.4.2.tgz#fadd834b9683073da179b3eae6d9c0d15053f73e"

lodash@^4.17.4:
  version "4.17.4"
  resolved "https://registry.yarnpkg.com/lodash/-/lodash-4.17.4.tgz#78203a4d1c328ae1d86dca6460e369b57f4055ae"

longest@^2.0.1:
  version "2.0.1"
  resolved "https://registry.yarnpkg.com/longest/-/longest-2.0.1.tgz#781e183296aa94f6d4d916dc335d0d17aefa23f8"

lru-cache@2.2.x:
  version "2.2.4"
  resolved "https://registry.yarnpkg.com/lru-cache/-/lru-cache-2.2.4.tgz#6c658619becf14031d0d0b594b16042ce4dc063d"

lsmod@1.0.0:
  version "1.0.0"
  resolved "https://registry.yarnpkg.com/lsmod/-/lsmod-1.0.0.tgz#9a00f76dca36eb23fa05350afe1b585d4299e64b"

mime@^1.2.11:
  version "1.6.0"
  resolved "https://registry.yarnpkg.com/mime/-/mime-1.6.0.tgz#32cd9e5c64553bd58d19a568af452acff04981b1"

mimic-response@^1.0.0:
  version "1.0.0"
  resolved "https://registry.yarnpkg.com/mimic-response/-/mimic-response-1.0.0.tgz#df3d3652a73fded6b9b0b24146e6fd052353458e"

minimist@^1.1.0:
  version "1.2.0"
  resolved "https://registry.yarnpkg.com/minimist/-/minimist-1.2.0.tgz#a35008b20f41383eec1fb914f4cd5df79a264284"

minurl@stevenvachon/minurl:
  version "1.0.0-alpha14"
  resolved "https://codeload.github.com/stevenvachon/minurl/tar.gz/786db5ee7ec77d10396033d3e001ce9c9c415b03"
  dependencies:
    any-match "^1.0.1"
    cloneurl "^1.0.0"
    deep-freeze-node "^1.1.2"
    defined "^1.0.0"
    evaluate-value "^1.0.2"
    isurl "^1.0.0"
    strip-www "^1.0.0"

ms@2.0.0:
  version "2.0.0"
  resolved "https://registry.yarnpkg.com/ms/-/ms-2.0.0.tgz#5608aeadfc00be6c2901df5f9861788de0d597c8"

node-notifier@^5.1.2:
  version "5.2.1"
  resolved "https://registry.yarnpkg.com/node-notifier/-/node-notifier-5.2.1.tgz#fa313dd08f5517db0e2502e5758d664ac69f9dea"
  dependencies:
    growly "^1.3.0"
    semver "^5.4.1"
    shellwords "^0.1.1"
    which "^1.3.0"

number-is-nan@^1.0.0:
  version "1.0.1"
  resolved "https://registry.yarnpkg.com/number-is-nan/-/number-is-nan-1.0.1.tgz#097b602b53422a522c1afb8790318336941a011d"

object-assign@^4.1.0:
  version "4.1.1"
  resolved "https://registry.yarnpkg.com/object-assign/-/object-assign-4.1.1.tgz#2109adc7965887cfc05cbbd442cac8bfbb360863"

object-keys@^1.0.8:
  version "1.0.11"
  resolved "https://registry.yarnpkg.com/object-keys/-/object-keys-1.0.11.tgz#c54601778ad560f1142ce0e01bcca8b56d13426d"

object.getownpropertydescriptors@^2.0.3:
  version "2.0.3"
  resolved "https://registry.yarnpkg.com/object.getownpropertydescriptors/-/object.getownpropertydescriptors-2.0.3.tgz#8758c846f5b407adab0f236e0986f14b051caa16"
  dependencies:
    define-properties "^1.1.2"
    es-abstract "^1.5.1"

optionator@~0.8.2:
  version "0.8.2"
  resolved "https://registry.yarnpkg.com/optionator/-/optionator-0.8.2.tgz#364c5e409d3f4d6301d6c0b4c05bba50180aeb64"
  dependencies:
    deep-is "~0.1.3"
    fast-levenshtein "~2.0.4"
    levn "~0.3.0"
    prelude-ls "~1.1.2"
    type-check "~0.3.2"
    wordwrap "~1.0.0"

os-name@~1.0.3:
  version "1.0.3"
  resolved "https://registry.yarnpkg.com/os-name/-/os-name-1.0.3.tgz#1b379f64835af7c5a7f498b357cb95215c159edf"
  dependencies:
    osx-release "^1.0.0"
    win-release "^1.0.0"

os-tmpdir@~1.0.2:
  version "1.0.2"
  resolved "https://registry.yarnpkg.com/os-tmpdir/-/os-tmpdir-1.0.2.tgz#bbe67406c79aa85c5cfec766fe5734555dfa1274"

osx-release@^1.0.0:
  version "1.1.0"
  resolved "https://registry.yarnpkg.com/osx-release/-/osx-release-1.1.0.tgz#f217911a28136949af1bf9308b241e2737d3cd6c"
  dependencies:
    minimist "^1.1.0"

parse-domain@^1.1.0:
  version "1.2.0"
  resolved "https://registry.yarnpkg.com/parse-domain/-/parse-domain-1.2.0.tgz#f3a28f3e103fa9cff8a4761eb7208f9596f29bc9"

parse-srcset@^1.0.2:
  version "1.0.2"
  resolved "https://registry.yarnpkg.com/parse-srcset/-/parse-srcset-1.0.2.tgz#f2bd221f6cc970a938d88556abc589caaaa2bde1"

parse5@^3.0.3:
  version "3.0.3"
  resolved "https://registry.yarnpkg.com/parse5/-/parse5-3.0.3.tgz#042f792ffdd36851551cf4e9e066b3874ab45b5c"
  dependencies:
    "@types/node" "*"

prelude-ls@~1.1.2:
  version "1.1.2"
  resolved "https://registry.yarnpkg.com/prelude-ls/-/prelude-ls-1.1.2.tgz#21932a549f5e52ffd9a827f570e04be62a97da54"

process-nextick-args@~1.0.6:
  version "1.0.7"
  resolved "https://registry.yarnpkg.com/process-nextick-args/-/process-nextick-args-1.0.7.tgz#150e20b756590ad3f91093f25a4f2ad8bff30ba3"

proxy-from-env@^1.0.0:
  version "1.0.0"
  resolved "https://registry.yarnpkg.com/proxy-from-env/-/proxy-from-env-1.0.0.tgz#33c50398f70ea7eb96d21f7b817630a55791c7ee"

prr@~1.0.1:
  version "1.0.1"
  resolved "https://registry.yarnpkg.com/prr/-/prr-1.0.1.tgz#d3fc114ba06995a45ec6893f484ceb1d78f5f476"

punycode@^1.4.1:
  version "1.4.1"
  resolved "https://registry.yarnpkg.com/punycode/-/punycode-1.4.1.tgz#c0d5a63b2718800ad8e1eb0fa5269c84dd41845e"

punycode@^2.1.0:
  version "2.1.0"
  resolved "https://registry.yarnpkg.com/punycode/-/punycode-2.1.0.tgz#5f863edc89b96db09074bad7947bf09056ca4e7d"

raven@^0.12.1:
  version "0.12.3"
  resolved "https://registry.yarnpkg.com/raven/-/raven-0.12.3.tgz#1a70f04a2240d291d83603b40162c4bada71325c"
  dependencies:
    cookie "0.3.1"
    json-stringify-safe "5.0.1"
    lsmod "1.0.0"
    stack-trace "0.0.9"
    uuid "3.0.0"

readable-stream@^2.2.2:
  version "2.3.3"
  resolved "https://registry.yarnpkg.com/readable-stream/-/readable-stream-2.3.3.tgz#368f2512d79f9d46fdfc71349ae7878bbc1eb95c"
  dependencies:
    core-util-is "~1.0.0"
    inherits "~2.0.3"
    isarray "~1.0.0"
    process-nextick-args "~1.0.6"
    safe-buffer "~5.1.1"
    string_decoder "~1.0.3"
    util-deprecate "~1.0.1"

readable-stream@~1.0.17:
  version "1.0.34"
  resolved "https://registry.yarnpkg.com/readable-stream/-/readable-stream-1.0.34.tgz#125820e34bc842d2f2aaafafe4c2916ee32c157c"
  dependencies:
    core-util-is "~1.0.0"
    inherits "~2.0.1"
    isarray "0.0.1"
    string_decoder "~0.10.x"

require-relative@^0.8.7:
  version "0.8.7"
  resolved "https://registry.yarnpkg.com/require-relative/-/require-relative-0.8.7.tgz#7999539fc9e047a37928fa196f8e1563dabd36de"

robot-directives@~0.4.0:
  version "0.4.0"
  resolved "https://registry.yarnpkg.com/robot-directives/-/robot-directives-0.4.0.tgz#fc6be018aac3f9ec5c9c8620d5e0dcd8cd841229"
  dependencies:
    deep-freeze-node "^1.1.2"
    isbot "^2.0.3"
    useragent "^2.1.13"

robots-txt-guard@~0.1.1:
  version "0.1.1"
  resolved "https://registry.yarnpkg.com/robots-txt-guard/-/robots-txt-guard-0.1.1.tgz#0dedec2dc325338989bb14158bef1f8539b705d4"

robots-txt-parse@~0.0.4:
  version "0.0.4"
  resolved "https://registry.yarnpkg.com/robots-txt-parse/-/robots-txt-parse-0.0.4.tgz#f7d1f323f79921d7e9c6c4bbd25048f6e9810d71"
  dependencies:
    bluebird "^2.3.5"
    split "^0.3.0"
    stream-combiner "^0.2.1"
    through "^2.3.4"

safe-buffer@^5.0.1, safe-buffer@~5.1.0, safe-buffer@~5.1.1:
  version "5.1.1"
  resolved "https://registry.yarnpkg.com/safe-buffer/-/safe-buffer-5.1.1.tgz#893312af69b2123def71f57889001671eeb2c853"

semver@^5.0.1, semver@^5.3.0, semver@^5.4.1:
  version "5.5.0"
  resolved "https://registry.yarnpkg.com/semver/-/semver-5.5.0.tgz#dc4bbc7a6ca9d916dee5d43516f0092b58f7b8ab"

shellwords@^0.1.1:
  version "0.1.1"
  resolved "https://registry.yarnpkg.com/shellwords/-/shellwords-0.1.1.tgz#d6b9181c1a48d397324c84871efbcfc73fc0654b"

signal-exit@^3.0.0:
  version "3.0.2"
  resolved "https://registry.yarnpkg.com/signal-exit/-/signal-exit-3.0.2.tgz#b5fdc08f1287ea1178628e415e25132b73646c6d"

split@^0.3.0:
  version "0.3.3"
  resolved "https://registry.yarnpkg.com/split/-/split-0.3.3.tgz#cd0eea5e63a211dfff7eb0f091c4133e2d0dd28f"
  dependencies:
    through "2"

stack-trace@0.0.9:
  version "0.0.9"
  resolved "https://registry.yarnpkg.com/stack-trace/-/stack-trace-0.0.9.tgz#a8f6eaeca90674c333e7c43953f275b451510695"

stream-combiner@^0.2.1:
  version "0.2.2"
  resolved "https://registry.yarnpkg.com/stream-combiner/-/stream-combiner-0.2.2.tgz#aec8cbac177b56b6f4fa479ced8c1912cee52858"
  dependencies:
    duplexer "~0.1.1"
    through "~2.3.4"

stream-length@^1.0.1, stream-length@^1.0.2:
  version "1.0.2"
  resolved "https://registry.yarnpkg.com/stream-length/-/stream-length-1.0.2.tgz#8277f3cbee49a4daabcfdb4e2f4a9b5e9f2c9f00"
  dependencies:
    bluebird "^2.6.2"

string-width@^1.0.1, string-width@^1.0.2:
  version "1.0.2"
  resolved "https://registry.yarnpkg.com/string-width/-/string-width-1.0.2.tgz#118bdf5b8cdc51a2a7e70d211e07e2b0b9b107d3"
  dependencies:
    code-point-at "^1.0.0"
    is-fullwidth-code-point "^1.0.0"
    strip-ansi "^3.0.0"

string@^3.0.0:
  version "3.3.3"
  resolved "https://registry.yarnpkg.com/string/-/string-3.3.3.tgz#5ea211cd92d228e184294990a6cc97b366a77cb0"

string_decoder@~0.10.x:
  version "0.10.31"
  resolved "https://registry.yarnpkg.com/string_decoder/-/string_decoder-0.10.31.tgz#62e203bc41766c6c28c9fc84301dab1c5310fa94"

string_decoder@~1.0.3:
  version "1.0.3"
  resolved "https://registry.yarnpkg.com/string_decoder/-/string_decoder-1.0.3.tgz#0fc67d7c141825de94282dd536bec6b9bce860ab"
  dependencies:
    safe-buffer "~5.1.0"

strip-ansi@^3.0.0, strip-ansi@^3.0.1:
  version "3.0.1"
  resolved "https://registry.yarnpkg.com/strip-ansi/-/strip-ansi-3.0.1.tgz#6a385fb8853d952d5ff05d0e8aaf94278dc63dcf"
  dependencies:
    ansi-regex "^2.0.0"

strip-ansi@^4.0.0:
  version "4.0.0"
  resolved "https://registry.yarnpkg.com/strip-ansi/-/strip-ansi-4.0.0.tgz#a8479022eb1ac368a871389b635262c505ee368f"
  dependencies:
    ansi-regex "^3.0.0"

strip-www@^1.0.0:
  version "1.0.0"
  resolved "https://registry.yarnpkg.com/strip-www/-/strip-www-1.0.0.tgz#4eb7bcfc2397bf6a7d383754be9e6e86745865e1"

supports-color@^4.0.0:
  version "4.5.0"
  resolved "https://registry.yarnpkg.com/supports-color/-/supports-color-4.5.0.tgz#be7a0de484dec5c5cddf8b3d59125044912f635b"
  dependencies:
    has-flag "^2.0.0"

supports-semigraphics@^1.0.1:
  version "1.0.1"
  resolved "https://registry.yarnpkg.com/supports-semigraphics/-/supports-semigraphics-1.0.1.tgz#f1564cb7c3da139c64a0b129b4d21c521d5e4836"
  dependencies:
    has-flag "^2.0.0"
    has-unicode "^2.0.1"

through2-sink@^1.0.0:
  version "1.0.0"
  resolved "https://registry.yarnpkg.com/through2-sink/-/through2-sink-1.0.0.tgz#5f106bba1d7330dad3cba5c0ab1863923256c399"
  dependencies:
    through2 "~0.5.1"
    xtend "~3.0.0"

through2-spy@^1.2.0:
  version "1.2.0"
  resolved "https://registry.yarnpkg.com/through2-spy/-/through2-spy-1.2.0.tgz#9c891ca9ca40e1e1e4cf31e1ac57f94cc9d248cb"
  dependencies:
    through2 "~0.5.1"
    xtend "~3.0.0"

through2@~0.5.1:
  version "0.5.1"
  resolved "https://registry.yarnpkg.com/through2/-/through2-0.5.1.tgz#dfdd012eb9c700e2323fd334f38ac622ab372da7"
  dependencies:
    readable-stream "~1.0.17"
    xtend "~3.0.0"

through@2, through@^2.3.4, through@~2.3.4:
  version "2.3.8"
  resolved "https://registry.yarnpkg.com/through/-/through-2.3.8.tgz#0dd4c9ffaabc357960b1b724115d7e0e86a2e1f5"

tmp@0.0.x:
  version "0.0.33"
  resolved "https://registry.yarnpkg.com/tmp/-/tmp-0.0.33.tgz#6d34335889768d21b2bcda0aa277ced3b1bfadf9"
  dependencies:
    os-tmpdir "~1.0.2"

tough-cookie@^2.3.1:
  version "2.3.3"
  resolved "https://registry.yarnpkg.com/tough-cookie/-/tough-cookie-2.3.3.tgz#0b618a5565b6dea90bf3425d04d55edc475a7561"
  dependencies:
    punycode "^1.4.1"

tr46@^1.0.0:
  version "1.0.1"
  resolved "https://registry.yarnpkg.com/tr46/-/tr46-1.0.1.tgz#a8b13fd6bfd2489519674ccde55ba3693b706d09"
  dependencies:
    punycode "^2.1.0"

tunnel-agent@~0.6.0:
  version "0.6.0"
  resolved "https://registry.yarnpkg.com/tunnel-agent/-/tunnel-agent-0.6.0.tgz#27a5dea06b36b04a0a9966774b290868f0fc40fd"
  dependencies:
    safe-buffer "^5.0.1"

type-check@~0.3.2:
  version "0.3.2"
  resolved "https://registry.yarnpkg.com/type-check/-/type-check-0.3.2.tgz#5884cab512cf1d355e3fb784f30804b2b520db72"
  dependencies:
    prelude-ls "~1.1.2"

typedarray@^0.0.6:
  version "0.0.6"
  resolved "https://registry.yarnpkg.com/typedarray/-/typedarray-0.0.6.tgz#867ac74e3864187b1d3d47d996a78ec5c8830777"

universal-url@^1.0.0, universal-url@^1.0.0-alpha:
  version "1.0.0"
  resolved "https://registry.yarnpkg.com/universal-url/-/universal-url-1.0.0.tgz#3375a3f9166f38984e089d12ede58006f088a3d1"
  dependencies:
    hasurl "^1.0.0"
    whatwg-url "^6.0.1"

url-relation@^1.0.0-alpha9:
  version "1.0.0-alpha9"
  resolved "https://registry.yarnpkg.com/url-relation/-/url-relation-1.0.0-alpha9.tgz#befd3f4a76b4dce69969822822023ded7f92f9b6"
  dependencies:
    any-match "^1.0.1"
    deep-freeze-node "^1.1.2"
    defined "^1.0.0"
    evaluate-value "^1.0.2"
    isurl "^1.0.0-alpha5"
    parse-domain "^1.1.0"
    strip-www "^1.0.0"

urlcache@stevenvachon/urlcache:
  version "1.0.0-alpha"
  resolved "https://codeload.github.com/stevenvachon/urlcache/tar.gz/65f215266971e298e989a7e8915dfb6776d654ba"
  dependencies:
    deep-freeze-node "^1.1.2"
    defined "^1.0.0"
    minurl stevenvachon/minurl

useragent@^2.1.13:
  version "2.2.1"
  resolved "https://registry.yarnpkg.com/useragent/-/useragent-2.2.1.tgz#cf593ef4f2d175875e8bb658ea92e18a4fd06d8e"
  dependencies:
    lru-cache "2.2.x"
    tmp "0.0.x"

util-deprecate@~1.0.1:
  version "1.0.2"
  resolved "https://registry.yarnpkg.com/util-deprecate/-/util-deprecate-1.0.2.tgz#450d4dc9fa70de732762fbd2d4a28981419a0ccf"

util.promisify@^1.0.0:
  version "1.0.0"
  resolved "https://registry.yarnpkg.com/util.promisify/-/util.promisify-1.0.0.tgz#440f7165a459c9a16dc145eb8e72f35687097030"
  dependencies:
    define-properties "^1.1.2"
    object.getownpropertydescriptors "^2.0.3"

uuid@3.0.0:
  version "3.0.0"
  resolved "https://registry.yarnpkg.com/uuid/-/uuid-3.0.0.tgz#6728fc0459c450d796a99c31837569bdf672d728"

uuid@^2.0.1:
  version "2.0.3"
  resolved "https://registry.yarnpkg.com/uuid/-/uuid-2.0.3.tgz#67e2e863797215530dff318e5bf9dcebfd47b21a"

walk-parse5@^1.0.0:
  version "1.0.0"
  resolved "https://registry.yarnpkg.com/walk-parse5/-/walk-parse5-1.0.0.tgz#732b2dcf685497ab52222d9935f0123bfadebe8b"

webidl-conversions@^4.0.1:
  version "4.0.2"
  resolved "https://registry.yarnpkg.com/webidl-conversions/-/webidl-conversions-4.0.2.tgz#a855980b1f0b6b359ba1d5d9fb39ae941faa63ad"

whatwg-url@^6.0.1:
  version "6.4.0"
  resolved "https://registry.yarnpkg.com/whatwg-url/-/whatwg-url-6.4.0.tgz#08fdf2b9e872783a7a1f6216260a1d66cc722e08"
  dependencies:
    lodash.sortby "^4.7.0"
    tr46 "^1.0.0"
    webidl-conversions "^4.0.1"

which@^1.3.0:
  version "1.3.0"
  resolved "https://registry.yarnpkg.com/which/-/which-1.3.0.tgz#ff04bdfc010ee547d780bec38e1ac1c2777d253a"
  dependencies:
    isexe "^2.0.0"

wide-align@^1.1.0:
  version "1.1.2"
  resolved "https://registry.yarnpkg.com/wide-align/-/wide-align-1.1.2.tgz#571e0f1b0604636ebc0dfc21b0339bbe31341710"
  dependencies:
    string-width "^1.0.2"

win-release@^1.0.0:
  version "1.1.1"
  resolved "https://registry.yarnpkg.com/win-release/-/win-release-1.1.1.tgz#5fa55e02be7ca934edfc12665632e849b72e5209"
  dependencies:
    semver "^5.0.1"

wordwrap@~1.0.0:
  version "1.0.0"
  resolved "https://registry.yarnpkg.com/wordwrap/-/wordwrap-1.0.0.tgz#27584810891456a4171c8d0226441ade90cbcaeb"

xtend@~3.0.0:
  version "3.0.0"
  resolved "https://registry.yarnpkg.com/xtend/-/xtend-3.0.0.tgz#5cce7407baf642cba7becda568111c493f59665a"
